
Microsoft Visual Studio Solution File, Format Version 12.00
# Visual Studio Version 17
VisualStudioVersion = 17.2.32505.173
MinimumVisualStudioVersion = 10.0.40219.1
Project("{FAE04EC0-301F-11D3-BF4B-00C04F79EFBC}") = "GestureTimer", "GestureTimer\GestureTimer.csproj", "{551E04DC-FB03-483E-A414-CE3468E82F22}"
EndProject
Global
	GlobalSection(SolutionConfigurationPlatforms) = preSolution
		Debug|Any CPU = Debug|Any CPU
		Release|Any CPU = Release|Any CPU
	EndGlobalSection
	GlobalSection(ProjectConfigurationPlatforms) = postSolution
		{551E04DC-FB03-483E-A414-CE3468E82F22}.Debug|Any CPU.ActiveCfg = Debug|Any CPU
		{551E04DC-FB03-483E-A414-CE3468E82F22}.Debug|Any CPU.Build.0 = Debug|Any CPU
		{551E04DC-FB03-483E-A414-CE3468E82F22}.Release|Any CPU.ActiveCfg = Release|Any CPU
		{551E04DC-FB03-483E-A414-CE3468E82F22}.Release|Any CPU.Build.0 = Release|Any CPU
	EndGlobalSection
	GlobalSection(SolutionProperties) = preSolution
		HideSolutionNode = FALSE
	EndGlobalSection
	GlobalSection(ExtensibilityGlobals) = postSolution
		SolutionGuid = {AB0B8E58-2102-4719-A16F-BEE975F897D2}
	EndGlobalSection
EndGlobal
